// !$*UTF8*$!
{
	archiveVersion = 1;
	classes = {
	};
	objectVersion = 50;
	objects = {

/* Begin PBXBuildFile section */
		8AFC13FD25F6E4F100A60824 /* SwiftCombineExamplesApp.swift in Sources */ = {isa = PBXBuildFile; fileRef = 8AFC13FC25F6E4F100A60824 /* SwiftCombineExamplesApp.swift */; };
		8AFC13FF25F6E4F100A60824 /* ContentView.swift in Sources */ = {isa = PBXBuildFile; fileRef = 8AFC13FE25F6E4F100A60824 /* ContentView.swift */; };
		8AFC140125F6E4F400A60824 /* Assets.xcassets in Resources */ = {isa = PBXBuildFile; fileRef = 8AFC140025F6E4F400A60824 /* Assets.xcassets */; };
		8AFC140425F6E4F400A60824 /* Preview Assets.xcassets in Resources */ = {isa = PBXBuildFile; fileRef = 8AFC140325F6E4F400A60824 /* Preview Assets.xcassets */; };
		8AFC140D25F6E82700A60824 /* ExpHeaderView.swift in Sources */ = {isa = PBXBuildFile; fileRef = 8AFC140C25F6E82700A60824 /* ExpHeaderView.swift */; };
		8AFC141025F6EDA200A60824 /* ReactiveFormModel.swift in Sources */ = {isa = PBXBuildFile; fileRef = 8AFC140F25F6EDA200A60824 /* ReactiveFormModel.swift */; };
		8AFC141325F6EDB000A60824 /* ReactiveForm.swift in Sources */ = {isa = PBXBuildFile; fileRef = 8AFC141225F6EDB000A60824 /* ReactiveForm.swift */; };
		8AFC141625F6EE0400A60824 /* BasicExplanation.swift in Sources */ = {isa = PBXBuildFile; fileRef = 8AFC141525F6EE0400A60824 /* BasicExplanation.swift */; };
/* End PBXBuildFile section */

/* Begin PBXFileReference section */
		8AFC13F925F6E4F100A60824 /* SwiftCombineExamples.app */ = {isa = PBXFileReference; explicitFileType = wrapper.application; includeInIndex = 0; path = SwiftCombineExamples.app; sourceTree = BUILT_PRODUCTS_DIR; };
		8AFC13FC25F6E4F100A60824 /* SwiftCombineExamplesApp.swift */ = {isa = PBXFileReference; lastKnownFileType = sourcecode.swift; path = SwiftCombineExamplesApp.swift; sourceTree = "<group>"; };
		8AFC13FE25F6E4F100A60824 /* ContentView.swift */ = {isa = PBXFileReference; lastKnownFileType = sourcecode.swift; path = ContentView.swift; sourceTree = "<group>"; };
		8AFC140025F6E4F400A60824 /* Assets.xcassets */ = {isa = PBXFileReference; lastKnownFileType = folder.assetcatalog; path = Assets.xcassets; sourceTree = "<group>"; };
		8AFC140325F6E4F400A60824 /* Preview Assets.xcassets */ = {isa = PBXFileReference; lastKnownFileType = folder.assetcatalog; path = "Preview Assets.xcassets"; sourceTree = "<group>"; };
		8AFC140525F6E4F400A60824 /* Info.plist */ = {isa = PBXFileReference; lastKnownFileType = text.plist.xml; path = Info.plist; sourceTree = "<group>"; };
		8AFC140C25F6E82700A60824 /* ExpHeaderView.swift */ = {isa = PBXFileReference; lastKnownFileType = sourcecode.swift; path = ExpHeaderView.swift; sourceTree = "<group>"; };
		8AFC140F25F6EDA200A60824 /* ReactiveFormModel.swift */ = {isa = PBXFileReference; lastKnownFileType = sourcecode.swift; path = ReactiveFormModel.swift; sourceTree = "<group>"; };
		8AFC141225F6EDB000A60824 /* ReactiveForm.swift */ = {isa = PBXFileReference; lastKnownFileType = sourcecode.swift; path = ReactiveForm.swift; sourceTree = "<group>"; };
		8AFC141525F6EE0400A60824 /* BasicExplanation.swift */ = {isa = PBXFileReference; lastKnownFileType = sourcecode.swift; path = BasicExplanation.swift; sourceTree = "<group>"; };
/* End PBXFileReference section */

/* Begin PBXFrameworksBuildPhase section */
		8AFC13F625F6E4F100A60824 /* Frameworks */ = {
			isa = PBXFrameworksBuildPhase;
			buildActionMask = 2147483647;
			files = (
			);
			runOnlyForDeploymentPostprocessing = 0;
		};
/* End PBXFrameworksBuildPhase section */

/* Begin PBXGroup section */
		8AFC13F025F6E4F100A60824 = {
			isa = PBXGroup;
			children = (
				8AFC13FB25F6E4F100A60824 /* SwiftCombineExamples */,
				8AFC13FA25F6E4F100A60824 /* Products */,
			);
			sourceTree = "<group>";
		};
		8AFC13FA25F6E4F100A60824 /* Products */ = {
			isa = PBXGroup;
			children = (
				8AFC13F925F6E4F100A60824 /* SwiftCombineExamples.app */,
			);
			name = Products;
			sourceTree = "<group>";
		};
		8AFC13FB25F6E4F100A60824 /* SwiftCombineExamples */ = {
			isa = PBXGroup;
			children = (
				8AFC13FC25F6E4F100A60824 /* SwiftCombineExamplesApp.swift */,
				8AFC13FE25F6E4F100A60824 /* ContentView.swift */,
				8AFC141525F6EE0400A60824 /* BasicExplanation.swift */,
				8AFC140F25F6EDA200A60824 /* ReactiveFormModel.swift */,
				8AFC141225F6EDB000A60824 /* ReactiveForm.swift */,
				8AFC140C25F6E82700A60824 /* ExpHeaderView.swift */,
				8AFC140025F6E4F400A60824 /* Assets.xcassets */,
				8AFC140525F6E4F400A60824 /* Info.plist */,
				8AFC140225F6E4F400A60824 /* Preview Content */,
			);
			path = SwiftCombineExamples;
			sourceTree = "<group>";
		};
		8AFC140225F6E4F400A60824 /* Preview Content */ = {
			isa = PBXGroup;
			children = (
				8AFC140325F6E4F400A60824 /* Preview Assets.xcassets */,
			);
			path = "Preview Content";
			sourceTree = "<group>";
		};
/* End PBXGroup section */

/* Begin PBXNativeTarget section */
		8AFC13F825F6E4F100A60824 /* SwiftCombineExamples */ = {
			isa = PBXNativeTarget;
			buildConfigurationList = 8AFC140825F6E4F400A60824 /* Build configuration list for PBXNativeTarget "SwiftCombineExamples" */;
			buildPhases = (
				8AFC13F525F6E4F100A60824 /* Sources */,
				8AFC13F625F6E4F100A60824 /* Frameworks */,
				8AFC13F725F6E4F100A60824 /* Resources */,
			);
			buildRules = (
			);
			dependencies = (
			);
			name = SwiftCombineExamples;
			productName = SwiftCombineExamples;
			productReference = 8AFC13F925F6E4F100A60824 /* SwiftCombineExamples.app */;
			productType = "com.apple.product-type.application";
		};
/* End PBXNativeTarget section */

/* Begin PBXProject section */
		8AFC13F125F6E4F100A60824 /* Project object */ = {
			isa = PBXProject;
			attributes = {
				LastSwiftUpdateCheck = 1240;
				LastUpgradeCheck = 1240;
				TargetAttributes = {
					8AFC13F825F6E4F100A60824 = {
						CreatedOnToolsVersion = 12.4;
					};
				};
			};
			buildConfigurationList = 8AFC13F425F6E4F100A60824 /* Build configuration list for PBXProject "SwiftCombineExamples" */;
			compatibilityVersion = "Xcode 9.3";
			developmentRegion = en;
			hasScannedForEncodings = 0;
			knownRegions = (
				en,
				Base,
			);
			mainGroup = 8AFC13F025F6E4F100A60824;
			productRefGroup = 8AFC13FA25F6E4F100A60824 /* Products */;
			projectDirPath = "";
			projectRoot = "";
			targets = (
				8AFC13F825F6E4F100A60824 /* SwiftCombineExamples */,
			);
		};
/* End PBXProject section */

/* Begin PBXResourcesBuildPhase section */
		8AFC13F725F6E4F100A60824 /* Resources */ = {
			isa = PBXResourcesBuildPhase;
			buildActionMask = 2147483647;
			files = (
				8AFC140425F6E4F400A60824 /* Preview Assets.xcassets in Resources */,
				8AFC140125F6E4F400A60824 /* Assets.xcassets in Resources */,
			);
			runOnlyForDeploymentPostprocessing = 0;
		};
/* End PBXResourcesBuildPhase section */

/* Begin PBXSourcesBuildPhase section */
		8AFC13F525F6E4F100A60824 /* Sources */ = {
			isa = PBXSourcesBuildPhase;
			buildActionMask = 2147483647;
			files = (
				8AFC13FF25F6E4F100A60824 /* ContentView.swift in Sources */,
				8AFC141325F6EDB000A60824 /* ReactiveForm.swift in Sources */,
				8AFC13FD25F6E4F100A60824 /* SwiftCombineExamplesApp.swift in Sources */,
				8AFC141025F6EDA200A60824 /* ReactiveFormModel.swift in Sources */,
				8AFC141625F6EE0400A60824 /* BasicExplanation.swift in Sources */,
				8AFC140D25F6E82700A60824 /* ExpHeaderView.swift in Sources */,
			);
			runOnlyForDeploymentPostprocessing = 0;
		};
/* End PBXSourcesBuildPhase section */

/* Begin XCBuildConfiguration section */
		8AFC140625F6E4F400A60824 /* Debug */ = {
			isa = XCBuildConfiguration;
			buildSettings = {
				ALWAYS_SEARCH_USER_PATHS = NO;
				CLANG_ANALYZER_NONNULL = YES;
				CLANG_ANALYZER_NUMBER_OBJECT_CONVERSION = YES_AGGRESSIVE;
				CLANG_CXX_LANGUAGE_STANDARD = "gnu++14";
				CLANG_CXX_LIBRARY = "libc++";
				CLANG_ENABLE_MODULES = YES;
				CLANG_ENABLE_OBJC_ARC = YES;
				CLANG_ENABLE_OBJC_WEAK = YES;
				CLANG_WARN_BLOCK_CAPTURE_AUTORELEASING = YES;
				CLANG_WARN_BOOL_CONVERSION = YES;
				CLANG_WARN_COMMA = YES;
				CLANG_WARN_CONSTANT_CONVERSION = YES;
				CLANG_WARN_DEPRECATED_OBJC_IMPLEMENTATIONS = YES;
				CLANG_WARN_DIRECT_OBJC_ISA_USAGE = YES_ERROR;
				CLANG_WARN_DOCUMENTATION_COMMENTS = YES;
				CLANG_WARN_EMPTY_BODY = YES;
				CLANG_WARN_ENUM_CONVERSION = YES;
				CLANG_WARN_INFINITE_RECURSION = YES;
				CLANG_WARN_INT_CONVERSION = YES;
				CLANG_WARN_NON_LITERAL_NULL_CONVERSION = YES;
				CLANG_WARN_OBJC_IMPLICIT_RETAIN_SELF = YES;
				CLANG_WARN_OBJC_LITERAL_CONVERSION = YES;
				CLANG_WARN_OBJC_ROOT_CLASS = YES_ERROR;
				CLANG_WARN_QUOTED_INCLUDE_IN_FRAMEWORK_HEADER = YES;
				CLANG_WARN_RANGE_LOOP_ANALYSIS = YES;
				CLANG_WARN_STRICT_PROTOTYPES = YES;
				CLANG_WARN_SUSPICIOUS_MOVE = YES;
				CLANG_WARN_UNGUARDED_AVAILABILITY = YES_AGGRESSIVE;
				CLANG_WARN_UNREACHABLE_CODE = YES;
				CLANG_WARN__DUPLICATE_METHOD_MATCH = YES;
				COPY_PHASE_STRIP = NO;
				DEBUG_INFORMATION_FORMAT = dwarf;
				ENABLE_STRICT_OBJC_MSGSEND = YES;
				ENABLE_TESTABILITY = YES;
				GCC_C_LANGUAGE_STANDARD = gnu11;
				GCC_DYNAMIC_NO_PIC = NO;
				GCC_NO_COMMON_BLOCKS = YES;
				GCC_OPTIMIZATION_LEVEL = 0;
				GCC_PREPROCESSOR_DEFINITIONS = (
					"DEBUG=1",
					"$(inherited)",
				);
				GCC_WARN_64_TO_32_BIT_CONVERSION = YES;
				GCC_WARN_ABOUT_RETURN_TYPE = YES_ERROR;
				GCC_WARN_UNDECLARED_SELECTOR = YES;
				GCC_WARN_UNINITIALIZED_AUTOS = YES_AGGRESSIVE;
				GCC_WARN_UNUSED_FUNCTION = YES;
				GCC_WARN_UNUSED_VARIABLE = YES;
				IPHONEOS_DEPLOYMENT_TARGET = 14.4;
				MTL_ENABLE_DEBUG_INFO = INCLUDE_SOURCE;
				MTL_FAST_MATH = YES;
				ONLY_ACTIVE_ARCH = YES;
				SDKROOT = iphoneos;
				SWIFT_ACTIVE_COMPILATION_CONDITIONS = DEBUG;
				SWIFT_OPTIMIZATION_LEVEL = "-Onone";
			};
			name = Debug;
		};
		8AFC140725F6E4F400A60824 /* Release */ = {
			isa = XCBuildConfiguration;
			buildSettings = {
				ALWAYS_SEARCH_USER_PATHS = NO;
				CLANG_ANALYZER_NONNULL = YES;
				CLANG_ANALYZER_NUMBER_OBJECT_CONVERSION = YES_AGGRESSIVE;
				CLANG_CXX_LANGUAGE_STANDARD = "gnu++14";
				CLANG_CXX_LIBRARY = "libc++";
				CLANG_ENABLE_MODULES = YES;
				CLANG_ENABLE_OBJC_ARC = YES;
				CLANG_ENABLE_OBJC_WEAK = YES;
				CLANG_WARN_BLOCK_CAPTURE_AUTORELEASING = YES;
				CLANG_WARN_BOOL_CONVERSION = YES;
				CLANG_WARN_COMMA = YES;
				CLANG_WARN_CONSTANT_CONVERSION = YES;
				CLANG_WARN_DEPRECATED_OBJC_IMPLEMENTATIONS = YES;
				CLANG_WARN_DIRECT_OBJC_ISA_USAGE = YES_ERROR;
				CLANG_WARN_DOCUMENTATION_COMMENTS = YES;
				CLANG_WARN_EMPTY_BODY = YES;
				CLANG_WARN_ENUM_CONVERSION = YES;
				CLANG_WARN_INFINITE_RECURSION = YES;
				CLANG_WARN_INT_CONVERSION = YES;
				CLANG_WARN_NON_LITERAL_NULL_CONVERSION = YES;
				CLANG_WARN_OBJC_IMPLICIT_RETAIN_SELF = YES;
				CLANG_WARN_OBJC_LITERAL_CONVERSION = YES;
				CLANG_WARN_OBJC_ROOT_CLASS = YES_ERROR;
				CLANG_WARN_QUOTED_INCLUDE_IN_FRAMEWORK_HEADER = YES;
				CLANG_WARN_RANGE_LOOP_ANALYSIS = YES;
				CLANG_WARN_STRICT_PROTOTYPES = YES;
				CLANG_WARN_SUSPICIOUS_MOVE = YES;
				CLANG_WARN_UNGUARDED_AVAILABILITY = YES_AGGRESSIVE;
				CLANG_WARN_UNREACHABLE_CODE = YES;
				CLANG_WARN__DUPLICATE_METHOD_MATCH = YES;
				COPY_PHASE_STRIP = NO;
				DEBUG_INFORMATION_FORMAT = "dwarf-with-dsym";
				ENABLE_NS_ASSERTIONS = NO;
				ENABLE_STRICT_OBJC_MSGSEND = YES;
				GCC_C_LANGUAGE_STANDARD = gnu11;
				GCC_NO_COMMON_BLOCKS = YES;
				GCC_WARN_64_TO_32_BIT_CONVERSION = YES;
				GCC_WARN_ABOUT_RETURN_TYPE = YES_ERROR;
				GCC_WARN_UNDECLARED_SELECTOR = YES;
				GCC_WARN_UNINITIALIZED_AUTOS = YES_AGGRESSIVE;
				GCC_WARN_UNUSED_FUNCTION = YES;
				GCC_WARN_UNUSED_VARIABLE = YES;
				IPHONEOS_DEPLOYMENT_TARGET = 14.4;
				MTL_ENABLE_DEBUG_INFO = NO;
				MTL_FAST_MATH = YES;
				SDKROOT = iphoneos;
				SWIFT_COMPILATION_MODE = wholemodule;
				SWIFT_OPTIMIZATION_LEVEL = "-O";
				VALIDATE_PRODUCT = YES;
			};
			name = Release;
		};
		8AFC140925F6E4F400A60824 /* Debug */ = {
			isa = XCBuildConfiguration;
			buildSettings = {
				ASSETCATALOG_COMPILER_APPICON_NAME = AppIcon;
				ASSETCATALOG_COMPILER_GLOBAL_ACCENT_COLOR_NAME = AccentColor;
				CODE_SIGN_STYLE = Automatic;
				DEVELOPMENT_ASSET_PATHS = "\"SwiftCombineExamples/Preview Content\"";
				DEVELOPMENT_TEAM = 6V66CC3AN6;
				ENABLE_PREVIEWS = YES;
				INFOPLIST_FILE = SwiftCombineExamples/Info.plist;
				IPHONEOS_DEPLOYMENT_TARGET = 14.0;
				LD_RUNPATH_SEARCH_PATHS = (
					"$(inherited)",
					"@executable_path/Frameworks",
				);
				PRODUCT_BUNDLE_IDENTIFIER = us.eidinger.SwiftCombineExamples;
				PRODUCT_NAME = "$(TARGET_NAME)";
				SWIFT_VERSION = 5.0;
				TARGETED_DEVICE_FAMILY = "1,2";
			};
			name = Debug;
		};
		8AFC140A25F6E4F400A60824 /* Release */ = {
			isa = XCBuildConfiguration;
			buildSettings = {
				ASSETCATALOG_COMPILER_APPICON_NAME = AppIcon;
				ASSETCATALOG_COMPILER_GLOBAL_ACCENT_COLOR_NAME = AccentColor;
				CODE_SIGN_STYLE = Automatic;
				DEVELOPMENT_ASSET_PATHS = "\"SwiftCombineExamples/Preview Content\"";
				DEVELOPMENT_TEAM = 6V66CC3AN6;
				ENABLE_PREVIEWS = YES;
				INFOPLIST_FILE = SwiftCombineExamples/Info.plist;
				IPHONEOS_DEPLOYMENT_TARGET = 14.0;
				LD_RUNPATH_SEARCH_PATHS = (
					"$(inherited)",
					"@executable_path/Frameworks",
				);
				PRODUCT_BUNDLE_IDENTIFIER = us.eidinger.SwiftCombineExamples;
				PRODUCT_NAME = "$(TARGET_NAME)";
				SWIFT_VERSION = 5.0;
				TARGETED_DEVICE_FAMILY = "1,2";
			};
			name = Release;
		};
/* End XCBuildConfiguration section */

/* Begin XCConfigurationList section */
		8AFC13F425F6E4F100A60824 /* Build configuration list for PBXProject "SwiftCombineExamples" */ = {
			isa = XCConfigurationList;
			buildConfigurations = (
				8AFC140625F6E4F400A60824 /* Debug */,
				8AFC140725F6E4F400A60824 /* Release */,
			);
			defaultConfigurationIsVisible = 0;
			defaultConfigurationName = Release;
		};
		8AFC140825F6E4F400A60824 /* Build configuration list for PBXNativeTarget "SwiftCombineExamples" */ = {
			isa = XCConfigurationList;
			buildConfigurations = (
				8AFC140925F6E4F400A60824 /* Debug */,
				8AFC140A25F6E4F400A60824 /* Release */,
			);
			defaultConfigurationIsVisible = 0;
			defaultConfigurationName = Release;
		};
/* End XCConfigurationList section */
	};
	rootObject = 8AFC13F125F6E4F100A60824 /* Project object */;
}
